
Microsoft Visual Studio Solution File, Format Version 12.00
# Visual Studio Version 17
VisualStudioVersion = 17.13.35806.99 d17.13
MinimumVisualStudioVersion = 10.0.40219.1
Project("{FAE04EC0-301F-11D3-BF4B-00C04F79EFBC}") = "Esercizio_22.11", "Esercizio_22.11\Esercizio_22.11.csproj", "{8316F84E-3855-4676-9E1F-740654DC5DF8}"
EndProject
Global
	GlobalSection(SolutionConfigurationPlatforms) = preSolution
		Debug|Any CPU = Debug|Any CPU
		Release|Any CPU = Release|Any CPU
	EndGlobalSection
	GlobalSection(ProjectConfigurationPlatforms) = postSolution
		{8316F84E-3855-4676-9E1F-740654DC5DF8}.Debug|Any CPU.ActiveCfg = Debug|Any CPU
		{8316F84E-3855-4676-9E1F-740654DC5DF8}.Debug|Any CPU.Build.0 = Debug|Any CPU
		{8316F84E-3855-4676-9E1F-740654DC5DF8}.Release|Any CPU.ActiveCfg = Release|Any CPU
		{8316F84E-3855-4676-9E1F-740654DC5DF8}.Release|Any CPU.Build.0 = Release|Any CPU
	EndGlobalSection
	GlobalSection(SolutionProperties) = preSolution
		HideSolutionNode = FALSE
	EndGlobalSection
	GlobalSection(ExtensibilityGlobals) = postSolution
		SolutionGuid = {E9D2DC53-82F1-48ED-8077-6262F0AA6036}
	EndGlobalSection
EndGlobal
